
Microsoft Visual Studio Solution File, Format Version 12.00
# Visual Studio Version 17
VisualStudioVersion = 17.0.31903.59
MinimumVisualStudioVersion = 10.0.40219.1
Project("{9A19103F-16F7-4668-BE54-9A1E7A4F7556}") = "Produtor", "Produtor\Produtor.csproj", "{9E4AFD20-2780-41CC-950A-CD9C74E7DF20}"
EndProject
Project("{9A19103F-16F7-4668-BE54-9A1E7A4F7556}") = "Consumidor", "Consumidor\Consumidor.csproj", "{43D09728-4D33-4921-9513-067A709A8533}"
EndProject
Project("{2150E333-8FDC-42A3-9474-1A3956D46DE8}") = "Avros", "Avros", "{9304EFBA-4D22-4EF1-A0C7-3D7C93F841BC}"
	ProjectSection(SolutionItems) = preProject
		Curso.avcs = Curso.avcs
	EndProjectSection
EndProject
Global
	GlobalSection(SolutionConfigurationPlatforms) = preSolution
		Debug|Any CPU = Debug|Any CPU
		Release|Any CPU = Release|Any CPU
	EndGlobalSection
	GlobalSection(ProjectConfigurationPlatforms) = postSolution
		{9E4AFD20-2780-41CC-950A-CD9C74E7DF20}.Debug|Any CPU.ActiveCfg = Debug|Any CPU
		{9E4AFD20-2780-41CC-950A-CD9C74E7DF20}.Debug|Any CPU.Build.0 = Debug|Any CPU
		{9E4AFD20-2780-41CC-950A-CD9C74E7DF20}.Release|Any CPU.ActiveCfg = Release|Any CPU
		{9E4AFD20-2780-41CC-950A-CD9C74E7DF20}.Release|Any CPU.Build.0 = Release|Any CPU
		{43D09728-4D33-4921-9513-067A709A8533}.Debug|Any CPU.ActiveCfg = Debug|Any CPU
		{43D09728-4D33-4921-9513-067A709A8533}.Debug|Any CPU.Build.0 = Debug|Any CPU
		{43D09728-4D33-4921-9513-067A709A8533}.Release|Any CPU.ActiveCfg = Release|Any CPU
		{43D09728-4D33-4921-9513-067A709A8533}.Release|Any CPU.Build.0 = Release|Any CPU
	EndGlobalSection
	GlobalSection(SolutionProperties) = preSolution
		HideSolutionNode = FALSE
	EndGlobalSection
	GlobalSection(ExtensibilityGlobals) = postSolution
		SolutionGuid = {DAA8DB41-10F8-4D4E-BBA3-6791882EE2C3}
	EndGlobalSection
EndGlobal
